
Microsoft Visual Studio Solution File, Format Version 12.00
# Visual Studio Version 17
VisualStudioVersion = 17.0.32002.185
MinimumVisualStudioVersion = 10.0.40219.1
Project("{FAE04EC0-301F-11D3-BF4B-00C04F79EFBC}") = "Updater", "Updater\Updater.csproj", "{91A88459-1C9F-4605-A092-CE40C7AECB99}"
EndProject
Global
	GlobalSection(SolutionConfigurationPlatforms) = preSolution
		Debug|Any CPU = Debug|Any CPU
		Release|Any CPU = Release|Any CPU
	EndGlobalSection
	GlobalSection(ProjectConfigurationPlatforms) = postSolution
		{91A88459-1C9F-4605-A092-CE40C7AECB99}.Debug|Any CPU.ActiveCfg = Debug|Any CPU
		{91A88459-1C9F-4605-A092-CE40C7AECB99}.Debug|Any CPU.Build.0 = Debug|Any CPU
		{91A88459-1C9F-4605-A092-CE40C7AECB99}.Release|Any CPU.ActiveCfg = Release|Any CPU
		{91A88459-1C9F-4605-A092-CE40C7AECB99}.Release|Any CPU.Build.0 = Release|Any CPU
	EndGlobalSection
	GlobalSection(SolutionProperties) = preSolution
		HideSolutionNode = FALSE
	EndGlobalSection
	GlobalSection(ExtensibilityGlobals) = postSolution
		SolutionGuid = {E81C0CB4-A9E0-49DE-A289-0A01A3D3C7AD}
	EndGlobalSection
EndGlobal
